
Microsoft Visual Studio Solution File, Format Version 12.00
# Visual Studio Version 16
VisualStudioVersion = 16.0.30104.148
MinimumVisualStudioVersion = 10.0.40219.1
Project("{FAE04EC0-301F-11D3-BF4B-00C04F79EFBC}") = "ConsoleApp4", "ConsoleApp4\ConsoleApp4.csproj", "{7786A2ED-653D-494E-89D8-CC0644EDF8D7}"
EndProject
Global
	GlobalSection(SolutionConfigurationPlatforms) = preSolution
		Debug|Any CPU = Debug|Any CPU
		Release|Any CPU = Release|Any CPU
	EndGlobalSection
	GlobalSection(ProjectConfigurationPlatforms) = postSolution
		{7786A2ED-653D-494E-89D8-CC0644EDF8D7}.Debug|Any CPU.ActiveCfg = Debug|Any CPU
		{7786A2ED-653D-494E-89D8-CC0644EDF8D7}.Debug|Any CPU.Build.0 = Debug|Any CPU
		{7786A2ED-653D-494E-89D8-CC0644EDF8D7}.Release|Any CPU.ActiveCfg = Release|Any CPU
		{7786A2ED-653D-494E-89D8-CC0644EDF8D7}.Release|Any CPU.Build.0 = Release|Any CPU
	EndGlobalSection
	GlobalSection(SolutionProperties) = preSolution
		HideSolutionNode = FALSE
	EndGlobalSection
	GlobalSection(ExtensibilityGlobals) = postSolution
		SolutionGuid = {BA848ACD-0C3B-4125-8C38-0CFFEB4C4711}
	EndGlobalSection
EndGlobal
